{
    "name": "@toolup/aggrid-enterprise",
    "version": "1.0.0",
    "lockfileVersion": 3,
    "requires": true,
    "packages": {
        "": {
            "name": "@toolup/aggrid-enterprise",
            "version": "1.0.0",
            "dependencies": {
                "ag-charts-enterprise": "13.3.0",
                "ag-grid-enterprise": "35.3.0"
            },
            "peerDependencies": {
                "ag-charts-community": "^13.0.0",
                "ag-charts-react": "^13.0.0",
                "ag-grid-community": "^35.0.0",
                "ag-grid-react": "^35.0.0"
            }
        },
        "node_modules/ag-charts-community": {
            "version": "13.3.0",
            "resolved": "https://registry.npmjs.org/ag-charts-community/-/ag-charts-community-13.3.0.tgz",
            "integrity": "sha512-B2TyZG6cuy13UiRsnKsgZYzRZPyxn6cOfw8aUFRSrYtEmvByafNq+53ucKdbYpY6nhMhcmUHVILMKSlAFAjtRw==",
            "license": "MIT",
            "dependencies": {
                "ag-charts-core": "13.3.0",
                "ag-charts-locale": "13.3.0",
                "ag-charts-types": "13.3.0"
            }
        },
        "node_modules/ag-charts-core": {
            "version": "13.3.0",
            "resolved": "https://registry.npmjs.org/ag-charts-core/-/ag-charts-core-13.3.0.tgz",
            "integrity": "sha512-eCwP5VVzWT4GChY3mhEgheJr8+pb2qawcZC0xb7Uak1KDGopIa9xKAZunGWqpcn+1QJ8kY0pNsu9um9u08KjPQ==",
            "license": "MIT",
            "dependencies": {
                "ag-charts-types": "13.3.0"
            }
        },
        "node_modules/ag-charts-enterprise": {
            "version": "13.3.0",
            "resolved": "https://registry.npmjs.org/ag-charts-enterprise/-/ag-charts-enterprise-13.3.0.tgz",
            "integrity": "sha512-DZDHIjkGRl9jCC5L5UWn3AWEXkcxnWyi7LT0WHj8t9KtyJgo77R+EJsrn5CshCU9J969NbGE8vlH5yH6PwFDsQ==",
            "license": "Commercial",
            "dependencies": {
                "ag-charts-community": "13.3.0",
                "ag-charts-core": "13.3.0"
            }
        },
        "node_modules/ag-charts-locale": {
            "version": "13.3.0",
            "resolved": "https://registry.npmjs.org/ag-charts-locale/-/ag-charts-locale-13.3.0.tgz",
            "integrity": "sha512-29A6VE/qhGGGksHUaHmtyeoO1DBw0s7ikqUr5/7D2w5wO7LuSoU1VH3leJSdXcOxO/CgmntYkFiSlF1GHjhJlQ==",
            "license": "MIT"
        },
        "node_modules/ag-charts-react": {
            "version": "13.3.0",
            "resolved": "https://registry.npmjs.org/ag-charts-react/-/ag-charts-react-13.3.0.tgz",
            "integrity": "sha512-E7/7EeORcQZtUeM+JoiARziaIszSewmqWoA6Ec1Ry3zQGRk0qcQHEOElDG/rhGk1a5obrGAlbhLvAzCtcKvA5g==",
            "license": "MIT",
            "peer": true,
            "dependencies": {
                "ag-charts-community": "13.3.0"
            },
            "peerDependencies": {
                "react": "^18.0.0 || ^19.0.0"
            }
        },
        "node_modules/ag-charts-types": {
            "version": "13.3.0",
            "resolved": "https://registry.npmjs.org/ag-charts-types/-/ag-charts-types-13.3.0.tgz",
            "integrity": "sha512-UMoAn908LC4ZIJSNfUckSBEFa79Mi1vFRA8qIRx+NusEuuFgXDioCZx4MxM7O3rDXlxTWH9DvQmcDjh7vyd89w==",
            "license": "MIT"
        },
        "node_modules/ag-grid-community": {
            "version": "35.3.0",
            "resolved": "https://registry.npmjs.org/ag-grid-community/-/ag-grid-community-35.3.0.tgz",
            "integrity": "sha512-c9WQWB88J965IjBC/GPUX30aAZix10o6oYT86DWipcxgLZTIQlLSilJJEr1bno/245rPEAIMjhoU1gp9VIfURg==",
            "license": "MIT",
            "dependencies": {
                "ag-charts-types": "13.3.0"
            }
        },
        "node_modules/ag-grid-enterprise": {
            "version": "35.3.0",
            "resolved": "https://registry.npmjs.org/ag-grid-enterprise/-/ag-grid-enterprise-35.3.0.tgz",
            "integrity": "sha512-ULNJ0LJQkV2ilulDo5e53HDdTFtTqO1tOLjHUHwldsvNeK+ELkI/ygC5adR0SJGmRpZ1yAKYs6XPjW5Fyipy6Q==",
            "license": "Commercial",
            "dependencies": {
                "ag-grid-community": "35.3.0"
            },
            "optionalDependencies": {
                "ag-charts-community": "13.3.0",
                "ag-charts-enterprise": "13.3.0"
            }
        },
        "node_modules/ag-grid-react": {
            "version": "35.3.0",
            "resolved": "https://registry.npmjs.org/ag-grid-react/-/ag-grid-react-35.3.0.tgz",
            "integrity": "sha512-3c6YEFGQGNZxEi1PdK0b+WhKkKRJ7KxuYzsG4UmISyax5/J7N93f8B1TZK1pq+AgzPhdk/++vjZe3KhFdF3tog==",
            "license": "MIT",
            "peer": true,
            "dependencies": {
                "ag-grid-community": "35.3.0",
                "prop-types": "^15.8.1"
            },
            "peerDependencies": {
                "react": "^16.8.0 || ^17.0.0 || ^18.0.0 || ^19.0.0",
                "react-dom": "^16.8.0 || ^17.0.0 || ^18.0.0 || ^19.0.0"
            }
        },
        "node_modules/js-tokens": {
            "version": "4.0.0",
            "resolved": "https://registry.npmjs.org/js-tokens/-/js-tokens-4.0.0.tgz",
            "integrity": "sha512-RdJUflcE3cUzKiMqQgsCu06FPu9UdIJO0beYbPhHN4k6apgJtifcoCtT9bcxOpYBtpD2kCM6Sbzg4CausW/PKQ==",
            "license": "MIT",
            "peer": true
        },
        "node_modules/loose-envify": {
            "version": "1.4.0",
            "resolved": "https://registry.npmjs.org/loose-envify/-/loose-envify-1.4.0.tgz",
            "integrity": "sha512-lyuxPGr/Wfhrlem2CL/UcnUc1zcqKAImBDzukY7Y5F/yQiNdko6+fRLevlw1HgMySw7f611UIY408EtxRSoK3Q==",
            "license": "MIT",
            "peer": true,
            "dependencies": {
                "js-tokens": "^3.0.0 || ^4.0.0"
            },
            "bin": {
                "loose-envify": "cli.js"
            }
        },
        "node_modules/object-assign": {
            "version": "4.1.1",
            "resolved": "https://registry.npmjs.org/object-assign/-/object-assign-4.1.1.tgz",
            "integrity": "sha512-rJgTQnkUnH1sFw8yT6VSU3zD3sWmu6sZhIseY8VX+GRu3P6F7Fu+JNDoXfklElbLJSnc3FUQHVe4cU5hj+BcUg==",
            "license": "MIT",
            "peer": true,
            "engines": {
                "node": ">=0.10.0"
            }
        },
        "node_modules/prop-types": {
            "version": "15.8.1",
            "resolved": "https://registry.npmjs.org/prop-types/-/prop-types-15.8.1.tgz",
            "integrity": "sha512-oj87CgZICdulUohogVAR7AjlC0327U4el4L6eAvOqCeudMDVU0NThNaV+b9Df4dXgSP1gXMTnPdhfe/2qDH5cg==",
            "license": "MIT",
            "peer": true,
            "dependencies": {
                "loose-envify": "^1.4.0",
                "object-assign": "^4.1.1",
                "react-is": "^16.13.1"
            }
        },
        "node_modules/react": {
            "version": "19.2.6",
            "resolved": "https://registry.npmjs.org/react/-/react-19.2.6.tgz",
            "integrity": "sha512-sfWGGfavi0xr8Pg0sVsyHMAOziVYKgPLNrS7ig+ivMNb3wbCBw3KxtflsGBAwD3gYQlE/AEZsTLgToRrSCjb0Q==",
            "license": "MIT",
            "peer": true,
            "engines": {
                "node": ">=0.10.0"
            }
        },
        "node_modules/react-dom": {
            "version": "19.2.6",
            "resolved": "https://registry.npmjs.org/react-dom/-/react-dom-19.2.6.tgz",
            "integrity": "sha512-0prMI+hvBbPjsWnxDLxlCGyM8PN6UuWjEUCYmZhO67xIV9Xasa/r/vDnq+Xyq4Lo27g8QSbO5YzARu0D1Sps3g==",
            "license": "MIT",
            "peer": true,
            "dependencies": {
                "scheduler": "^0.27.0"
            },
            "peerDependencies": {
                "react": "^19.2.6"
            }
        },
        "node_modules/react-is": {
            "version": "16.13.1",
            "resolved": "https://registry.npmjs.org/react-is/-/react-is-16.13.1.tgz",
            "integrity": "sha512-24e6ynE2H+OKt4kqsOvNd8kBpV65zoxbA4BVsEOB3ARVWQki/DHzaUoC5KuON/BiccDaCCTZBuOcfZs70kR8bQ==",
            "license": "MIT",
            "peer": true
        },
        "node_modules/scheduler": {
            "version": "0.27.0",
            "resolved": "https://registry.npmjs.org/scheduler/-/scheduler-0.27.0.tgz",
            "integrity": "sha512-eNv+WrVbKu1f3vbYJT/xtiF5syA5HPIMtf9IgY/nKg0sWqzAUEvqY/xm7OcZc/qafLx/iO9FgOmeSAp4v5ti/Q==",
            "license": "MIT",
            "peer": true
        }
    }
}
